
Microsoft Visual Studio Solution File, Format Version 12.00
# Visual Studio Version 16
VisualStudioVersion = 16.0.30517.126
MinimumVisualStudioVersion = 10.0.40219.1
Project("{FAE04EC0-301F-11D3-BF4B-00C04F79EFBC}") = "Calculadora2", "Calculadora2\Calculadora2.csproj", "{FE902112-D19F-4090-830A-A0E84E7C50B5}"
EndProject
Global
	GlobalSection(SolutionConfigurationPlatforms) = preSolution
		Debug|Any CPU = Debug|Any CPU
		Release|Any CPU = Release|Any CPU
	EndGlobalSection
	GlobalSection(ProjectConfigurationPlatforms) = postSolution
		{FE902112-D19F-4090-830A-A0E84E7C50B5}.Debug|Any CPU.ActiveCfg = Debug|Any CPU
		{FE902112-D19F-4090-830A-A0E84E7C50B5}.Debug|Any CPU.Build.0 = Debug|Any CPU
		{FE902112-D19F-4090-830A-A0E84E7C50B5}.Release|Any CPU.ActiveCfg = Release|Any CPU
		{FE902112-D19F-4090-830A-A0E84E7C50B5}.Release|Any CPU.Build.0 = Release|Any CPU
	EndGlobalSection
	GlobalSection(SolutionProperties) = preSolution
		HideSolutionNode = FALSE
	EndGlobalSection
	GlobalSection(ExtensibilityGlobals) = postSolution
		SolutionGuid = {062867C7-E98C-49CE-8593-603603B9BB36}
	EndGlobalSection
EndGlobal
